// !$*UTF8*$!
{
	archiveVersion = 1;
	classes = {
	};
	objectVersion = 77;
	objects = {

/* Begin PBXContainerItemProxy section */
		9C9732C22ED1813E0050FE6A /* PBXContainerItemProxy */ = {
			isa = PBXContainerItemProxy;
			containerPortal = 9C9732A82ED1813C0050FE6A /* Project object */;
			proxyType = 1;
			remoteGlobalIDString = 9C9732AF2ED1813C0050FE6A;
			remoteInfo = widget;
		};
		9C9732CC2ED1813E0050FE6A /* PBXContainerItemProxy */ = {
			isa = PBXContainerItemProxy;
			containerPortal = 9C9732A82ED1813C0050FE6A /* Project object */;
			proxyType = 1;
			remoteGlobalIDString = 9C9732AF2ED1813C0050FE6A;
			remoteInfo = widget;
		};
/* End PBXContainerItemProxy section */

/* Begin PBXFileReference section */
		9C9732B02ED1813C0050FE6A /* widget.app */ = {isa = PBXFileReference; explicitFileType = wrapper.application; includeInIndex = 0; path = widget.app; sourceTree = BUILT_PRODUCTS_DIR; };
		9C9732C12ED1813E0050FE6A /* widgetTests.xctest */ = {isa = PBXFileReference; explicitFileType = wrapper.cfbundle; includeInIndex = 0; path = widgetTests.xctest; sourceTree = BUILT_PRODUCTS_DIR; };
		9C9732CB2ED1813E0050FE6A /* widgetUITests.xctest */ = {isa = PBXFileReference; explicitFileType = wrapper.cfbundle; includeInIndex = 0; path = widgetUITests.xctest; sourceTree = BUILT_PRODUCTS_DIR; };
/* End PBXFileReference section */

/* Begin PBXFileSystemSynchronizedRootGroup section */
		9C9732B22ED1813C0050FE6A /* widget */ = {
			isa = PBXFileSystemSynchronizedRootGroup;
			path = widget;
			sourceTree = "<group>";
		};
		9C9732C42ED1813E0050FE6A /* widgetTests */ = {
			isa = PBXFileSystemSynchronizedRootGroup;
			path = widgetTests;
			sourceTree = "<group>";
		};
		9C9732CE2ED1813E0050FE6A /* widgetUITests */ = {
			isa = PBXFileSystemSynchronizedRootGroup;
			path = widgetUITests;
			sourceTree = "<group>";
		};
/* End PBXFileSystemSynchronizedRootGroup section */

/* Begin PBXFrameworksBuildPhase section */
		9C9732AD2ED1813C0050FE6A /* Frameworks */ = {
			isa = PBXFrameworksBuildPhase;
			buildActionMask = 2147483647;
			files = (
			);
			runOnlyForDeploymentPostprocessing = 0;
		};
		9C9732BE2ED1813E0050FE6A /* Frameworks */ = {
			isa = PBXFrameworksBuildPhase;
			buildActionMask = 2147483647;
			files = (
			);
			runOnlyForDeploymentPostprocessing = 0;
		};
		9C9732C82ED1813E0050FE6A /* Frameworks */ = {
			isa = PBXFrameworksBuildPhase;
			buildActionMask = 2147483647;
			files = (
			);
			runOnlyForDeploymentPostprocessing = 0;
		};
/* End PBXFrameworksBuildPhase section */

/* Begin PBXGroup section */
		9C9732A72ED1813C0050FE6A = {
			isa = PBXGroup;
			children = (
				9C9732B22ED1813C0050FE6A /* widget */,
				9C9732C42ED1813E0050FE6A /* widgetTests */,
				9C9732CE2ED1813E0050FE6A /* widgetUITests */,
				9C9732B12ED1813C0050FE6A /* Products */,
			);
			sourceTree = "<group>";
		};
		9C9732B12ED1813C0050FE6A /* Products */ = {
			isa = PBXGroup;
			children = (
				9C9732B02ED1813C0050FE6A /* widget.app */,
				9C9732C12ED1813E0050FE6A /* widgetTests.xctest */,
				9C9732CB2ED1813E0050FE6A /* widgetUITests.xctest */,
			);
			name = Products;
			sourceTree = "<group>";
		};
/* End PBXGroup section */

/* Begin PBXNativeTarget section */
		9C9732AF2ED1813C0050FE6A /* widget */ = {
			isa = PBXNativeTarget;
			buildConfigurationList = 9C9732D52ED1813E0050FE6A /* Build configuration list for PBXNativeTarget "widget" */;
			buildPhases = (
				9C9732AC2ED1813C0050FE6A /* Sources */,
				9C9732AD2ED1813C0050FE6A /* Frameworks */,
				9C9732AE2ED1813C0050FE6A /* Resources */,
			);
			buildRules = (
			);
			dependencies = (
			);
			fileSystemSynchronizedGroups = (
				9C9732B22ED1813C0050FE6A /* widget */,
			);
			name = widget;
			packageProductDependencies = (
			);
			productName = widget;
			productReference = 9C9732B02ED1813C0050FE6A /* widget.app */;
			productType = "com.apple.product-type.application";
		};
		9C9732C02ED1813E0050FE6A /* widgetTests */ = {
			isa = PBXNativeTarget;
			buildConfigurationList = 9C9732D82ED1813E0050FE6A /* Build configuration list for PBXNativeTarget "widgetTests" */;
			buildPhases = (
				9C9732BD2ED1813E0050FE6A /* Sources */,
				9C9732BE2ED1813E0050FE6A /* Frameworks */,
				9C9732BF2ED1813E0050FE6A /* Resources */,
			);
			buildRules = (
			);
			dependencies = (
				9C9732C32ED1813E0050FE6A /* PBXTargetDependency */,
			);
			fileSystemSynchronizedGroups = (
				9C9732C42ED1813E0050FE6A /* widgetTests */,
			);
			name = widgetTests;
			packageProductDependencies = (
			);
			productName = widgetTests;
			productReference = 9C9732C12ED1813E0050FE6A /* widgetTests.xctest */;
			productType = "com.apple.product-type.bundle.unit-test";
		};
		9C9732CA2ED1813E0050FE6A /* widgetUITests */ = {
			isa = PBXNativeTarget;
			buildConfigurationList = 9C9732DB2ED1813E0050FE6A /* Build configuration list for PBXNativeTarget "widgetUITests" */;
			buildPhases = (
				9C9732C72ED1813E0050FE6A /* Sources */,
				9C9732C82ED1813E0050FE6A /* Frameworks */,
				9C9732C92ED1813E0050FE6A /* Resources */,
			);
			buildRules = (
			);
			dependencies = (
				9C9732CD2ED1813E0050FE6A /* PBXTargetDependency */,
			);
			fileSystemSynchronizedGroups = (
				9C9732CE2ED1813E0050FE6A /* widgetUITests */,
			);
			name = widgetUITests;
			packageProductDependencies = (
			);
			productName = widgetUITests;
			productReference = 9C9732CB2ED1813E0050FE6A /* widgetUITests.xctest */;
			productType = "com.apple.product-type.bundle.ui-testing";
		};
/* End PBXNativeTarget section */

/* Begin PBXProject section */
		9C9732A82ED1813C0050FE6A /* Project object */ = {
			isa = PBXProject;
			attributes = {
				BuildIndependentTargetsInParallel = 1;
				LastSwiftUpdateCheck = 1620;
				LastUpgradeCheck = 1620;
				TargetAttributes = {
					9C9732AF2ED1813C0050FE6A = {
						CreatedOnToolsVersion = 16.2;
					};
					9C9732C02ED1813E0050FE6A = {
						CreatedOnToolsVersion = 16.2;
						TestTargetID = 9C9732AF2ED1813C0050FE6A;
					};
					9C9732CA2ED1813E0050FE6A = {
						CreatedOnToolsVersion = 16.2;
						TestTargetID = 9C9732AF2ED1813C0050FE6A;
					};
				};
			};
			buildConfigurationList = 9C9732AB2ED1813C0050FE6A /* Build configuration list for PBXProject "widget" */;
			developmentRegion = en;
			hasScannedForEncodings = 0;
			knownRegions = (
				en,
				Base,
			);
			mainGroup = 9C9732A72ED1813C0050FE6A;
			minimizedProjectReferenceProxies = 1;
			preferredProjectObjectVersion = 77;
			productRefGroup = 9C9732B12ED1813C0050FE6A /* Products */;
			projectDirPath = "";
			projectRoot = "";
			targets = (
				9C9732AF2ED1813C0050FE6A /* widget */,
				9C9732C02ED1813E0050FE6A /* widgetTests */,
				9C9732CA2ED1813E0050FE6A /* widgetUITests */,
			);
		};
/* End PBXProject section */

/* Begin PBXResourcesBuildPhase section */
		9C9732AE2ED1813C0050FE6A /* Resources */ = {
			isa = PBXResourcesBuildPhase;
			buildActionMask = 2147483647;
			files = (
			);
			runOnlyForDeploymentPostprocessing = 0;
		};
		9C9732BF2ED1813E0050FE6A /* Resources */ = {
			isa = PBXResourcesBuildPhase;
			buildActionMask = 2147483647;
			files = (
			);
			runOnlyForDeploymentPostprocessing = 0;
		};
		9C9732C92ED1813E0050FE6A /* Resources */ = {
			isa = PBXResourcesBuildPhase;
			buildActionMask = 2147483647;
			files = (
			);
			runOnlyForDeploymentPostprocessing = 0;
		};
/* End PBXResourcesBuildPhase section */

/* Begin PBXSourcesBuildPhase section */
		9C9732AC2ED1813C0050FE6A /* Sources */ = {
			isa = PBXSourcesBuildPhase;
			buildActionMask = 2147483647;
			files = (
			);
			runOnlyForDeploymentPostprocessing = 0;
		};
		9C9732BD2ED1813E0050FE6A /* Sources */ = {
			isa = PBXSourcesBuildPhase;
			buildActionMask = 2147483647;
			files = (
			);
			runOnlyForDeploymentPostprocessing = 0;
		};
		9C9732C72ED1813E0050FE6A /* Sources */ = {
			isa = PBXSourcesBuildPhase;
			buildActionMask = 2147483647;
			files = (
			);
			runOnlyForDeploymentPostprocessing = 0;
		};
/* End PBXSourcesBuildPhase section */

/* Begin PBXTargetDependency section */
		9C9732C32ED1813E0050FE6A /* PBXTargetDependency */ = {
			isa = PBXTargetDependency;
			target = 9C9732AF2ED1813C0050FE6A /* widget */;
			targetProxy = 9C9732C22ED1813E0050FE6A /* PBXContainerItemProxy */;
		};
		9C9732CD2ED1813E0050FE6A /* PBXTargetDependency */ = {
			isa = PBXTargetDependency;
			target = 9C9732AF2ED1813C0050FE6A /* widget */;
			targetProxy = 9C9732CC2ED1813E0050FE6A /* PBXContainerItemProxy */;
		};
/* End PBXTargetDependency section */

/* Begin XCBuildConfiguration section */
		9C9732D32ED1813E0050FE6A /* Debug */ = {
			isa = XCBuildConfiguration;
			buildSettings = {
				ALWAYS_SEARCH_USER_PATHS = NO;
				ASSETCATALOG_COMPILER_GENERATE_SWIFT_ASSET_SYMBOL_EXTENSIONS = YES;
				CLANG_ANALYZER_NONNULL = YES;
				CLANG_ANALYZER_NUMBER_OBJECT_CONVERSION = YES_AGGRESSIVE;
				CLANG_CXX_LANGUAGE_STANDARD = "gnu++20";
				CLANG_ENABLE_MODULES = YES;
				CLANG_ENABLE_OBJC_ARC = YES;
				CLANG_ENABLE_OBJC_WEAK = YES;
				CLANG_WARN_BLOCK_CAPTURE_AUTORELEASING = YES;
				CLANG_WARN_BOOL_CONVERSION = YES;
				CLANG_WARN_COMMA = YES;
				CLANG_WARN_CONSTANT_CONVERSION = YES;
				CLANG_WARN_DEPRECATED_OBJC_IMPLEMENTATIONS = YES;
				CLANG_WARN_DIRECT_OBJC_ISA_USAGE = YES_ERROR;
				CLANG_WARN_DOCUMENTATION_COMMENTS = YES;
				CLANG_WARN_EMPTY_BODY = YES;
				CLANG_WARN_ENUM_CONVERSION = YES;
				CLANG_WARN_INFINITE_RECURSION = YES;
				CLANG_WARN_INT_CONVERSION = YES;
				CLANG_WARN_NON_LITERAL_NULL_CONVERSION = YES;
				CLANG_WARN_OBJC_IMPLICIT_RETAIN_SELF = YES;
				CLANG_WARN_OBJC_LITERAL_CONVERSION = YES;
				CLANG_WARN_OBJC_ROOT_CLASS = YES_ERROR;
				CLANG_WARN_QUOTED_INCLUDE_IN_FRAMEWORK_HEADER = YES;
				CLANG_WARN_RANGE_LOOP_ANALYSIS = YES;
				CLANG_WARN_STRICT_PROTOTYPES = YES;
				CLANG_WARN_SUSPICIOUS_MOVE = YES;
				CLANG_WARN_UNGUARDED_AVAILABILITY = YES_AGGRESSIVE;
				CLANG_WARN_UNREACHABLE_CODE = YES;
				CLANG_WARN__DUPLICATE_METHOD_MATCH = YES;
				COPY_PHASE_STRIP = NO;
				DEBUG_INFORMATION_FORMAT = dwarf;
				ENABLE_STRICT_OBJC_MSGSEND = YES;
				ENABLE_TESTABILITY = YES;
				ENABLE_USER_SCRIPT_SANDBOXING = YES;
				GCC_C_LANGUAGE_STANDARD = gnu17;
				GCC_DYNAMIC_NO_PIC = NO;
				GCC_NO_COMMON_BLOCKS = YES;
				GCC_OPTIMIZATION_LEVEL = 0;
				GCC_PREPROCESSOR_DEFINITIONS = (
					"DEBUG=1",
					"$(inherited)",
				);
				GCC_WARN_64_TO_32_BIT_CONVERSION = YES;
				GCC_WARN_ABOUT_RETURN_TYPE = YES_ERROR;
				GCC_WARN_UNDECLARED_SELECTOR = YES;
				GCC_WARN_UNINITIALIZED_AUTOS = YES_AGGRESSIVE;
				GCC_WARN_UNUSED_FUNCTION = YES;
				GCC_WARN_UNUSED_VARIABLE = YES;
				LOCALIZATION_PREFERS_STRING_CATALOGS = YES;
				MACOSX_DEPLOYMENT_TARGET = 15.2;
				MTL_ENABLE_DEBUG_INFO = INCLUDE_SOURCE;
				MTL_FAST_MATH = YES;
				ONLY_ACTIVE_ARCH = YES;
				SDKROOT = macosx;
				SWIFT_ACTIVE_COMPILATION_CONDITIONS = "DEBUG $(inherited)";
				SWIFT_OPTIMIZATION_LEVEL = "-Onone";
			};
			name = Debug;
		};
		9C9732D42ED1813E0050FE6A /* Release */ = {
			isa = XCBuildConfiguration;
			buildSettings = {
				ALWAYS_SEARCH_USER_PATHS = NO;
				ASSETCATALOG_COMPILER_GENERATE_SWIFT_ASSET_SYMBOL_EXTENSIONS = YES;
				CLANG_ANALYZER_NONNULL = YES;
				CLANG_ANALYZER_NUMBER_OBJECT_CONVERSION = YES_AGGRESSIVE;
				CLANG_CXX_LANGUAGE_STANDARD = "gnu++20";
				CLANG_ENABLE_MODULES = YES;
				CLANG_ENABLE_OBJC_ARC = YES;
				CLANG_ENABLE_OBJC_WEAK = YES;
				CLANG_WARN_BLOCK_CAPTURE_AUTORELEASING = YES;
				CLANG_WARN_BOOL_CONVERSION = YES;
				CLANG_WARN_COMMA = YES;
				CLANG_WARN_CONSTANT_CONVERSION = YES;
				CLANG_WARN_DEPRECATED_OBJC_IMPLEMENTATIONS = YES;
				CLANG_WARN_DIRECT_OBJC_ISA_USAGE = YES_ERROR;
				CLANG_WARN_DOCUMENTATION_COMMENTS = YES;
				CLANG_WARN_EMPTY_BODY = YES;
				CLANG_WARN_ENUM_CONVERSION = YES;
				CLANG_WARN_INFINITE_RECURSION = YES;
				CLANG_WARN_INT_CONVERSION = YES;
				CLANG_WARN_NON_LITERAL_NULL_CONVERSION = YES;
				CLANG_WARN_OBJC_IMPLICIT_RETAIN_SELF = YES;
				CLANG_WARN_OBJC_LITERAL_CONVERSION = YES;
				CLANG_WARN_OBJC_ROOT_CLASS = YES_ERROR;
				CLANG_WARN_QUOTED_INCLUDE_IN_FRAMEWORK_HEADER = YES;
				CLANG_WARN_RANGE_LOOP_ANALYSIS = YES;
				CLANG_WARN_STRICT_PROTOTYPES = YES;
				CLANG_WARN_SUSPICIOUS_MOVE = YES;
				CLANG_WARN_UNGUARDED_AVAILABILITY = YES_AGGRESSIVE;
				CLANG_WARN_UNREACHABLE_CODE = YES;
				CLANG_WARN__DUPLICATE_METHOD_MATCH = YES;
				COPY_PHASE_STRIP = NO;
				DEBUG_INFORMATION_FORMAT = "dwarf-with-dsym";
				ENABLE_NS_ASSERTIONS = NO;
				ENABLE_STRICT_OBJC_MSGSEND = YES;
				ENABLE_USER_SCRIPT_SANDBOXING = YES;
				GCC_C_LANGUAGE_STANDARD = gnu17;
				GCC_NO_COMMON_BLOCKS = YES;
				GCC_WARN_64_TO_32_BIT_CONVERSION = YES;
				GCC_WARN_ABOUT_RETURN_TYPE = YES_ERROR;
				GCC_WARN_UNDECLARED_SELECTOR = YES;
				GCC_WARN_UNINITIALIZED_AUTOS = YES_AGGRESSIVE;
				GCC_WARN_UNUSED_FUNCTION = YES;
				GCC_WARN_UNUSED_VARIABLE = YES;
				LOCALIZATION_PREFERS_STRING_CATALOGS = YES;
				MACOSX_DEPLOYMENT_TARGET = 15.2;
				MTL_ENABLE_DEBUG_INFO = NO;
				MTL_FAST_MATH = YES;
				SDKROOT = macosx;
				SWIFT_COMPILATION_MODE = wholemodule;
			};
			name = Release;
		};
		9C9732D62ED1813E0050FE6A /* Debug */ = {
			isa = XCBuildConfiguration;
			buildSettings = {
				ASSETCATALOG_COMPILER_APPICON_NAME = AppIcon;
				ASSETCATALOG_COMPILER_GLOBAL_ACCENT_COLOR_NAME = AccentColor;
				CODE_SIGN_ENTITLEMENTS = widget/widget.entitlements;
				CODE_SIGN_STYLE = Automatic;
				COMBINE_HIDPI_IMAGES = YES;
				CURRENT_PROJECT_VERSION = 1;
				DEVELOPMENT_ASSET_PATHS = "\"widget/Preview Content\"";
				ENABLE_PREVIEWS = YES;
				GENERATE_INFOPLIST_FILE = YES;
				INFOPLIST_KEY_NSHumanReadableCopyright = "";
				LD_RUNPATH_SEARCH_PATHS = (
					"$(inherited)",
					"@executable_path/../Frameworks",
				);
				MARKETING_VERSION = 1.0;
				PRODUCT_BUNDLE_IDENTIFIER = "neelgun17-gmail.com.widget";
				PRODUCT_NAME = "$(TARGET_NAME)";
				SWIFT_EMIT_LOC_STRINGS = YES;
				SWIFT_VERSION = 5.0;
			};
			name = Debug;
		};
		9C9732D72ED1813E0050FE6A /* Release */ = {
			isa = XCBuildConfiguration;
			buildSettings = {
				ASSETCATALOG_COMPILER_APPICON_NAME = AppIcon;
				ASSETCATALOG_COMPILER_GLOBAL_ACCENT_COLOR_NAME = AccentColor;
				CODE_SIGN_ENTITLEMENTS = widget/widget.entitlements;
				CODE_SIGN_STYLE = Automatic;
				COMBINE_HIDPI_IMAGES = YES;
				CURRENT_PROJECT_VERSION = 1;
				DEVELOPMENT_ASSET_PATHS = "\"widget/Preview Content\"";
				ENABLE_PREVIEWS = YES;
				GENERATE_INFOPLIST_FILE = YES;
				INFOPLIST_KEY_NSHumanReadableCopyright = "";
				LD_RUNPATH_SEARCH_PATHS = (
					"$(inherited)",
					"@executable_path/../Frameworks",
				);
				MARKETING_VERSION = 1.0;
				PRODUCT_BUNDLE_IDENTIFIER = "neelgun17-gmail.com.widget";
				PRODUCT_NAME = "$(TARGET_NAME)";
				SWIFT_EMIT_LOC_STRINGS = YES;
				SWIFT_VERSION = 5.0;
			};
			name = Release;
		};
		9C9732D92ED1813E0050FE6A /* Debug */ = {
			isa = XCBuildConfiguration;
			buildSettings = {
				BUNDLE_LOADER = "$(TEST_HOST)";
				CODE_SIGN_STYLE = Automatic;
				CURRENT_PROJECT_VERSION = 1;
				GENERATE_INFOPLIST_FILE = YES;
				MACOSX_DEPLOYMENT_TARGET = 15.2;
				MARKETING_VERSION = 1.0;
				PRODUCT_BUNDLE_IDENTIFIER = "neelgun17-gmail.com.widgetTests";
				PRODUCT_NAME = "$(TARGET_NAME)";
				SWIFT_EMIT_LOC_STRINGS = NO;
				SWIFT_VERSION = 5.0;
				TEST_HOST = "$(BUILT_PRODUCTS_DIR)/widget.app/$(BUNDLE_EXECUTABLE_FOLDER_PATH)/widget";
			};
			name = Debug;
		};
		9C9732DA2ED1813E0050FE6A /* Release */ = {
			isa = XCBuildConfiguration;
			buildSettings = {
				BUNDLE_LOADER = "$(TEST_HOST)";
				CODE_SIGN_STYLE = Automatic;
				CURRENT_PROJECT_VERSION = 1;
				GENERATE_INFOPLIST_FILE = YES;
				MACOSX_DEPLOYMENT_TARGET = 15.2;
				MARKETING_VERSION = 1.0;
				PRODUCT_BUNDLE_IDENTIFIER = "neelgun17-gmail.com.widgetTests";
				PRODUCT_NAME = "$(TARGET_NAME)";
				SWIFT_EMIT_LOC_STRINGS = NO;
				SWIFT_VERSION = 5.0;
				TEST_HOST = "$(BUILT_PRODUCTS_DIR)/widget.app/$(BUNDLE_EXECUTABLE_FOLDER_PATH)/widget";
			};
			name = Release;
		};
		9C9732DC2ED1813E0050FE6A /* Debug */ = {
			isa = XCBuildConfiguration;
			buildSettings = {
				CODE_SIGN_STYLE = Automatic;
				CURRENT_PROJECT_VERSION = 1;
				GENERATE_INFOPLIST_FILE = YES;
				MARKETING_VERSION = 1.0;
				PRODUCT_BUNDLE_IDENTIFIER = "neelgun17-gmail.com.widgetUITests";
				PRODUCT_NAME = "$(TARGET_NAME)";
				SWIFT_EMIT_LOC_STRINGS = NO;
				SWIFT_VERSION = 5.0;
				TEST_TARGET_NAME = widget;
			};
			name = Debug;
		};
		9C9732DD2ED1813E0050FE6A /* Release */ = {
			isa = XCBuildConfiguration;
			buildSettings = {
				CODE_SIGN_STYLE = Automatic;
				CURRENT_PROJECT_VERSION = 1;
				GENERATE_INFOPLIST_FILE = YES;
				MARKETING_VERSION = 1.0;
				PRODUCT_BUNDLE_IDENTIFIER = "neelgun17-gmail.com.widgetUITests";
				PRODUCT_NAME = "$(TARGET_NAME)";
				SWIFT_EMIT_LOC_STRINGS = NO;
				SWIFT_VERSION = 5.0;
				TEST_TARGET_NAME = widget;
			};
			name = Release;
		};
/* End XCBuildConfiguration section */

/* Begin XCConfigurationList section */
		9C9732AB2ED1813C0050FE6A /* Build configuration list for PBXProject "widget" */ = {
			isa = XCConfigurationList;
			buildConfigurations = (
				9C9732D32ED1813E0050FE6A /* Debug */,
				9C9732D42ED1813E0050FE6A /* Release */,
			);
			defaultConfigurationIsVisible = 0;
			defaultConfigurationName = Release;
		};
		9C9732D52ED1813E0050FE6A /* Build configuration list for PBXNativeTarget "widget" */ = {
			isa = XCConfigurationList;
			buildConfigurations = (
				9C9732D62ED1813E0050FE6A /* Debug */,
				9C9732D72ED1813E0050FE6A /* Release */,
			);
			defaultConfigurationIsVisible = 0;
			defaultConfigurationName = Release;
		};
		9C9732D82ED1813E0050FE6A /* Build configuration list for PBXNativeTarget "widgetTests" */ = {
			isa = XCConfigurationList;
			buildConfigurations = (
				9C9732D92ED1813E0050FE6A /* Debug */,
				9C9732DA2ED1813E0050FE6A /* Release */,
			);
			defaultConfigurationIsVisible = 0;
			defaultConfigurationName = Release;
		};
		9C9732DB2ED1813E0050FE6A /* Build configuration list for PBXNativeTarget "widgetUITests" */ = {
			isa = XCConfigurationList;
			buildConfigurations = (
				9C9732DC2ED1813E0050FE6A /* Debug */,
				9C9732DD2ED1813E0050FE6A /* Release */,
			);
			defaultConfigurationIsVisible = 0;
			defaultConfigurationName = Release;
		};
/* End XCConfigurationList section */
	};
	rootObject = 9C9732A82ED1813C0050FE6A /* Project object */;
}
